{
	"requires": true,
	"lockfileVersion": 1,
	"dependencies": {
		"@types/node": {
			"version": "13.9.1",
			"resolved": "https://registry.npm.alibaba-inc.com/@types/node/download/@types/node-13.9.1.tgz",
			"integrity": "sha1-lvYG+M1n+wGIR9m2HpOZfave/HI="
		},
		"@types/react": {
			"version": "16.9.23",
			"resolved": "https://registry.npm.alibaba-inc.com/@types/react/download/@types/react-16.9.23.tgz",
			"integrity": "sha1-GmbG1Gi6EaiUOtlYqMs+c3VoJxw=",
			"requires": {
				"@types/prop-types": "*",
				"csstype": "^2.2.0"
			},
			"dependencies": {
				"@types/prop-types": {
					"version": "15.7.3",
					"resolved": "https://registry.npm.alibaba-inc.com/@types/prop-types/download/@types/prop-types-15.7.3.tgz",
					"integrity": "sha1-KrDV2i5YFflLC51LldHl8kOrLKc="
				},
				"csstype": {
					"version": "2.6.9",
					"resolved": "https://registry.npm.alibaba-inc.com/csstype/download/csstype-2.6.9.tgz",
					"integrity": "sha1-BRQdDNVXpWuIkTlMGRHEDIqY0Jg="
				}
			}
		},
		"@types/react-dom": {
			"version": "16.9.5",
			"resolved": "https://registry.npm.alibaba-inc.com/@types/react-dom/download/@types/react-dom-16.9.5.tgz",
			"integrity": "sha1-XeYQsEo10H/9j0TtrZOnEDLZqqc=",
			"requires": {
				"@types/react": "*"
			}
		},
		"eslint": {
			"version": "6.8.0",
			"resolved": "https://registry.npm.alibaba-inc.com/eslint/download/eslint-6.8.0.tgz",
			"integrity": "sha1-YiYtZylzn5J1cjgkMC+yJ8jJP/s=",
			"requires": {
				"@babel/code-frame": "^7.0.0",
				"ajv": "^6.10.0",
				"chalk": "^2.1.0",
				"cross-spawn": "^6.0.5",
				"debug": "^4.0.1",
				"doctrine": "^3.0.0",
				"eslint-scope": "^5.0.0",
				"eslint-utils": "^1.4.3",
				"eslint-visitor-keys": "^1.1.0",
				"espree": "^6.1.2",
				"esquery": "^1.0.1",
				"esutils": "^2.0.2",
				"file-entry-cache": "^5.0.1",
				"functional-red-black-tree": "^1.0.1",
				"glob-parent": "^5.0.0",
				"globals": "^12.1.0",
				"ignore": "^4.0.6",
				"import-fresh": "^3.0.0",
				"imurmurhash": "^0.1.4",
				"inquirer": "^7.0.0",
				"is-glob": "^4.0.0",
				"js-yaml": "^3.13.1",
				"json-stable-stringify-without-jsonify": "^1.0.1",
				"levn": "^0.3.0",
				"lodash": "^4.17.14",
				"minimatch": "^3.0.4",
				"mkdirp": "^0.5.1",
				"natural-compare": "^1.4.0",
				"optionator": "^0.8.3",
				"progress": "^2.0.0",
				"regexpp": "^2.0.1",
				"semver": "^6.1.2",
				"strip-ansi": "^5.2.0",
				"strip-json-comments": "^3.0.1",
				"table": "^5.2.3",
				"text-table": "^0.2.0",
				"v8-compile-cache": "^2.0.3"
			},
			"dependencies": {
				"@babel/code-frame": {
					"version": "7.8.3",
					"resolved": "https://registry.npm.alibaba-inc.com/@babel/code-frame/download/@babel/code-frame-7.8.3.tgz",
					"integrity": "sha1-M+JZA9dIEYFTThLsCiXxa2/PQZ4=",
					"requires": {
						"@babel/highlight": "^7.8.3"
					}
				},
				"@babel/highlight": {
					"version": "7.8.3",
					"resolved": "https://registry.npm.alibaba-inc.com/@babel/highlight/download/@babel/highlight-7.8.3.tgz",
					"integrity": "sha1-KPFz0EIj6qpZvB1Dmjg25tEmV5c=",
					"requires": {
						"chalk": "^2.0.0",
						"esutils": "^2.0.2",
						"js-tokens": "^4.0.0"
					}
				},
				"@types/color-name": {
					"version": "1.1.1",
					"resolved": "https://registry.npm.alibaba-inc.com/@types/color-name/download/@types/color-name-1.1.1.tgz",
					"integrity": "sha1-HBJhu+qhCoBVu8XYq4S3sq/IRqA="
				},
				"acorn": {
					"version": "7.1.1",
					"resolved": "https://registry.npm.alibaba-inc.com/acorn/download/acorn-7.1.1.tgz",
					"integrity": "sha1-41Zo3gtALzWd5RXFSCoaufiaab8="
				},
				"acorn-jsx": {
					"version": "5.2.0",
					"resolved": "https://registry.npm.alibaba-inc.com/acorn-jsx/download/acorn-jsx-5.2.0.tgz",
					"integrity": "sha1-TGYGkXPW/daO2FI5/CViJhgrLr4="
				},
				"ajv": {
					"version": "6.12.0",
					"resolved": "https://registry.npm.alibaba-inc.com/ajv/download/ajv-6.12.0.tgz",
					"integrity": "sha1-BtYLlth7hFSlrauobnhU2mKdtLc=",
					"requires": {
						"fast-deep-equal": "^3.1.1",
						"fast-json-stable-stringify": "^2.0.0",
						"json-schema-traverse": "^0.4.1",
						"uri-js": "^4.2.2"
					}
				},
				"ansi-escapes": {
					"version": "4.3.1",
					"resolved": "https://registry.npm.alibaba-inc.com/ansi-escapes/download/ansi-escapes-4.3.1.tgz",
					"integrity": "sha1-pcR8xDGB8fOP/XB2g3cA05VSKmE=",
					"requires": {
						"type-fest": "^0.11.0"
					},
					"dependencies": {
						"type-fest": {
							"version": "0.11.0",
							"resolved": "https://registry.npm.alibaba-inc.com/type-fest/download/type-fest-0.11.0.tgz",
							"integrity": "sha1-l6vwhyMQ/tiKXEZrJWgVdhReM/E="
						}
					}
				},
				"ansi-regex": {
					"version": "5.0.0",
					"resolved": "https://registry.npm.alibaba-inc.com/ansi-regex/download/ansi-regex-5.0.0.tgz",
					"integrity": "sha1-OIU59VF5vzkznIGvMKZU1p+Hy3U="
				},
				"ansi-styles": {
					"version": "3.2.1",
					"resolved": "https://registry.npm.alibaba-inc.com/ansi-styles/download/ansi-styles-3.2.1.tgz",
					"integrity": "sha1-QfuyAkPlCxK+DwS43tvwdSDOhB0=",
					"requires": {
						"color-convert": "^1.9.0"
					}
				},
				"argparse": {
					"version": "1.0.10",
					"resolved": "https://registry.npm.alibaba-inc.com/argparse/download/argparse-1.0.10.tgz",
					"integrity": "sha1-vNZ5HqWuCXJeF+WtmIE0zUCz2RE=",
					"requires": {
						"sprintf-js": "~1.0.2"
					}
				},
				"astral-regex": {
					"version": "1.0.0",
					"resolved": "https://registry.npm.alibaba-inc.com/astral-regex/download/astral-regex-1.0.0.tgz",
					"integrity": "sha1-bIw/uCfdQ+45GPJ7gngqt2WKb9k="
				},
				"balanced-match": {
					"version": "1.0.0",
					"resolved": "https://registry.npm.alibaba-inc.com/balanced-match/download/balanced-match-1.0.0.tgz",
					"integrity": "sha1-ibTRmasr7kneFk6gK4nORi1xt2c="
				},
				"brace-expansion": {
					"version": "1.1.11",
					"resolved": "https://registry.npm.alibaba-inc.com/brace-expansion/download/brace-expansion-1.1.11.tgz",
					"integrity": "sha1-PH/L9SnYcibz0vUrlm/1Jx60Qd0=",
					"requires": {
						"balanced-match": "^1.0.0",
						"concat-map": "0.0.1"
					}
				},
				"callsites": {
					"version": "3.1.0",
					"resolved": "https://registry.npm.alibaba-inc.com/callsites/download/callsites-3.1.0.tgz",
					"integrity": "sha1-s2MKvYlDQy9Us/BRkjjjPNffL3M="
				},
				"chalk": {
					"version": "2.4.2",
					"resolved": "https://registry.npm.alibaba-inc.com/chalk/download/chalk-2.4.2.tgz",
					"integrity": "sha1-zUJUFnelQzPPVBpJEIwUMrRMlCQ=",
					"requires": {
						"ansi-styles": "^3.2.1",
						"escape-string-regexp": "^1.0.5",
						"supports-color": "^5.3.0"
					}
				},
				"chardet": {
					"version": "0.7.0",
					"resolved": "https://registry.npm.alibaba-inc.com/chardet/download/chardet-0.7.0.tgz",
					"integrity": "sha1-kAlISfCTfy7twkJdDSip5fDLrZ4="
				},
				"cli-cursor": {
					"version": "3.1.0",
					"resolved": "https://registry.npm.alibaba-inc.com/cli-cursor/download/cli-cursor-3.1.0.tgz",
					"integrity": "sha1-JkMFp65JDR0Dvwybp8kl0XU68wc=",
					"requires": {
						"restore-cursor": "^3.1.0"
					}
				},
				"cli-width": {
					"version": "2.2.0",
					"resolved": "https://registry.npm.alibaba-inc.com/cli-width/download/cli-width-2.2.0.tgz",
					"integrity": "sha1-/xnt6Kml5XkyQUewwR8PvLq+1jk="
				},
				"color-convert": {
					"version": "1.9.3",
					"resolved": "https://registry.npm.alibaba-inc.com/color-convert/download/color-convert-1.9.3.tgz",
					"integrity": "sha1-u3GFBpDh8TZWfeYp0tVHHe2kweg=",
					"requires": {
						"color-name": "1.1.3"
					}
				},
				"color-name": {
					"version": "1.1.3",
					"resolved": "https://registry.npm.alibaba-inc.com/color-name/download/color-name-1.1.3.tgz",
					"integrity": "sha1-p9BVi9icQveV3UIyj3QIMcpTvCU="
				},
				"concat-map": {
					"version": "0.0.1",
					"resolved": "https://registry.npm.alibaba-inc.com/concat-map/download/concat-map-0.0.1.tgz",
					"integrity": "sha1-2Klr13/Wjfd5OnMDajug1UBdR3s="
				},
				"cross-spawn": {
					"version": "6.0.5",
					"resolved": "https://registry.npm.alibaba-inc.com/cross-spawn/download/cross-spawn-6.0.5.tgz",
					"integrity": "sha1-Sl7Hxk364iw6FBJNus3uhG2Ay8Q=",
					"requires": {
						"nice-try": "^1.0.4",
						"path-key": "^2.0.1",
						"semver": "^5.5.0",
						"shebang-command": "^1.2.0",
						"which": "^1.2.9"
					},
					"dependencies": {
						"semver": {
							"version": "5.7.1",
							"resolved": "https://registry.npm.alibaba-inc.com/semver/download/semver-5.7.1.tgz",
							"integrity": "sha1-qVT5Ma66UI0we78Gnv8MAclhFvc="
						}
					}
				},
				"debug": {
					"version": "4.1.1",
					"resolved": "https://registry.npm.alibaba-inc.com/debug/download/debug-4.1.1.tgz",
					"integrity": "sha1-O3ImAlUQnGtYnO4FDx1RYTlmR5E=",
					"requires": {
						"ms": "^2.1.1"
					}
				},
				"deep-is": {
					"version": "0.1.3",
					"resolved": "https://registry.npm.alibaba-inc.com/deep-is/download/deep-is-0.1.3.tgz",
					"integrity": "sha1-s2nW+128E+7PUk+RsHD+7cNXzzQ="
				},
				"doctrine": {
					"version": "3.0.0",
					"resolved": "https://registry.npm.alibaba-inc.com/doctrine/download/doctrine-3.0.0.tgz",
					"integrity": "sha1-rd6+rXKmV023g2OdyHoSF3OXOWE=",
					"requires": {
						"esutils": "^2.0.2"
					}
				},
				"emoji-regex": {
					"version": "8.0.0",
					"resolved": "https://registry.npm.alibaba-inc.com/emoji-regex/download/emoji-regex-8.0.0.tgz",
					"integrity": "sha1-6Bj9ac5cz8tARZT4QpY79TFkzDc="
				},
				"escape-string-regexp": {
					"version": "1.0.5",
					"resolved": "https://registry.npm.alibaba-inc.com/escape-string-regexp/download/escape-string-regexp-1.0.5.tgz",
					"integrity": "sha1-G2HAViGQqN/2rjuyzwIAyhMLhtQ="
				},
				"eslint-scope": {
					"version": "5.0.0",
					"resolved": "https://registry.npm.alibaba-inc.com/eslint-scope/download/eslint-scope-5.0.0.tgz",
					"integrity": "sha1-6HyIh8c+jR7ITxylkWRcNYv8j7k=",
					"requires": {
						"esrecurse": "^4.1.0",
						"estraverse": "^4.1.1"
					}
				},
				"eslint-utils": {
					"version": "1.4.3",
					"resolved": "https://registry.npm.alibaba-inc.com/eslint-utils/download/eslint-utils-1.4.3.tgz",
					"integrity": "sha1-dP7HxU0Hdrb2fgJRBAtYBlZOmB8=",
					"requires": {
						"eslint-visitor-keys": "^1.1.0"
					}
				},
				"eslint-visitor-keys": {
					"version": "1.1.0",
					"resolved": "https://registry.npm.alibaba-inc.com/eslint-visitor-keys/download/eslint-visitor-keys-1.1.0.tgz",
					"integrity": "sha1-4qgs6oT/JGrW+1f5veW0ZiFFnsI="
				},
				"espree": {
					"version": "6.2.1",
					"resolved": "https://registry.npm.alibaba-inc.com/espree/download/espree-6.2.1.tgz",
					"integrity": "sha1-d/xy4f10SiBSwg84pbV1gy6Cc0o=",
					"requires": {
						"acorn": "^7.1.1",
						"acorn-jsx": "^5.2.0",
						"eslint-visitor-keys": "^1.1.0"
					}
				},
				"esprima": {
					"version": "4.0.1",
					"resolved": "https://registry.npm.alibaba-inc.com/esprima/download/esprima-4.0.1.tgz",
					"integrity": "sha1-E7BM2z5sXRnfkatph6hpVhmwqnE="
				},
				"esquery": {
					"version": "1.1.0",
					"resolved": "https://registry.npm.alibaba-inc.com/esquery/download/esquery-1.1.0.tgz",
					"integrity": "sha1-xcC2bzg+dlZAT4azEzTXJSTt20g=",
					"requires": {
						"estraverse": "^4.0.0"
					}
				},
				"esrecurse": {
					"version": "4.2.1",
					"resolved": "https://registry.npm.alibaba-inc.com/esrecurse/download/esrecurse-4.2.1.tgz",
					"integrity": "sha1-AHo7n9vCs7uH5IeeoZyS/b05Qs8=",
					"requires": {
						"estraverse": "^4.1.0"
					}
				},
				"estraverse": {
					"version": "4.3.0",
					"resolved": "https://registry.npm.alibaba-inc.com/estraverse/download/estraverse-4.3.0.tgz",
					"integrity": "sha1-OYrT88WiSUi+dyXoPRGn3ijNvR0="
				},
				"esutils": {
					"version": "2.0.3",
					"resolved": "https://registry.npm.alibaba-inc.com/esutils/download/esutils-2.0.3.tgz",
					"integrity": "sha1-dNLrTeC42hKTcRkQ1Qd1ubcQ72Q="
				},
				"external-editor": {
					"version": "3.1.0",
					"resolved": "https://registry.npm.alibaba-inc.com/external-editor/download/external-editor-3.1.0.tgz",
					"integrity": "sha1-ywP3QL764D6k0oPK7SdBqD8zVJU=",
					"requires": {
						"chardet": "^0.7.0",
						"iconv-lite": "^0.4.24",
						"tmp": "^0.0.33"
					}
				},
				"fast-deep-equal": {
					"version": "3.1.1",
					"resolved": "https://registry.npm.alibaba-inc.com/fast-deep-equal/download/fast-deep-equal-3.1.1.tgz",
					"integrity": "sha1-VFFFB3xQFJHjOxXsQIwpQ3bpSuQ="
				},
				"fast-json-stable-stringify": {
					"version": "2.1.0",
					"resolved": "https://registry.npm.alibaba-inc.com/fast-json-stable-stringify/download/fast-json-stable-stringify-2.1.0.tgz",
					"integrity": "sha1-h0v2nG9ATCtdmcSBNBOZ/VWJJjM="
				},
				"fast-levenshtein": {
					"version": "2.0.6",
					"resolved": "https://registry.npm.alibaba-inc.com/fast-levenshtein/download/fast-levenshtein-2.0.6.tgz",
					"integrity": "sha1-PYpcZog6FqMMqGQ+hR8Zuqd5eRc="
				},
				"figures": {
					"version": "3.2.0",
					"resolved": "https://registry.npm.alibaba-inc.com/figures/download/figures-3.2.0.tgz",
					"integrity": "sha1-YlwYvSk8YE3EqN2y/r8MiDQXRq8=",
					"requires": {
						"escape-string-regexp": "^1.0.5"
					}
				},
				"file-entry-cache": {
					"version": "5.0.1",
					"resolved": "https://registry.npm.alibaba-inc.com/file-entry-cache/download/file-entry-cache-5.0.1.tgz",
					"integrity": "sha1-yg9u+m3T1WEzP7FFFQZcL6/fQ5w=",
					"requires": {
						"flat-cache": "^2.0.1"
					}
				},
				"flat-cache": {
					"version": "2.0.1",
					"resolved": "https://registry.npm.alibaba-inc.com/flat-cache/download/flat-cache-2.0.1.tgz",
					"integrity": "sha1-XSltbwS9pEpGMKMBQTvbwuwIXsA=",
					"requires": {
						"flatted": "^2.0.0",
						"rimraf": "2.6.3",
						"write": "1.0.3"
					}
				},
				"flatted": {
					"version": "2.0.1",
					"resolved": "https://registry.npm.alibaba-inc.com/flatted/download/flatted-2.0.1.tgz",
					"integrity": "sha1-aeV8qo8OrLwoHS4stFjUb9tEngg="
				},
				"fs.realpath": {
					"version": "1.0.0",
					"resolved": "https://registry.npm.alibaba-inc.com/fs.realpath/download/fs.realpath-1.0.0.tgz",
					"integrity": "sha1-FQStJSMVjKpA20onh8sBQRmU6k8="
				},
				"functional-red-black-tree": {
					"version": "1.0.1",
					"resolved": "https://registry.npm.alibaba-inc.com/functional-red-black-tree/download/functional-red-black-tree-1.0.1.tgz",
					"integrity": "sha1-GwqzvVU7Kg1jmdKcDj6gslIHgyc="
				},
				"glob": {
					"version": "7.1.6",
					"resolved": "https://registry.npm.alibaba-inc.com/glob/download/glob-7.1.6.tgz",
					"integrity": "sha1-FB8zuBp8JJLhJVlDB0gMRmeSeKY=",
					"requires": {
						"fs.realpath": "^1.0.0",
						"inflight": "^1.0.4",
						"inherits": "2",
						"minimatch": "^3.0.4",
						"once": "^1.3.0",
						"path-is-absolute": "^1.0.0"
					}
				},
				"glob-parent": {
					"version": "5.1.0",
					"resolved": "https://registry.npm.alibaba-inc.com/glob-parent/download/glob-parent-5.1.0.tgz",
					"integrity": "sha1-X0wdHnSNMM1zrSlEs1d6gbCB6MI=",
					"requires": {
						"is-glob": "^4.0.1"
					}
				},
				"globals": {
					"version": "12.4.0",
					"resolved": "https://registry.npm.alibaba-inc.com/globals/download/globals-12.4.0.tgz",
					"integrity": "sha1-oYgTV2pBsAokqX5/gVkYwuGZJfg=",
					"requires": {
						"type-fest": "^0.8.1"
					}
				},
				"has-flag": {
					"version": "3.0.0",
					"resolved": "https://registry.npm.alibaba-inc.com/has-flag/download/has-flag-3.0.0.tgz",
					"integrity": "sha1-tdRU3CGZriJWmfNGfloH87lVuv0="
				},
				"iconv-lite": {
					"version": "0.4.24",
					"resolved": "https://registry.npm.alibaba-inc.com/iconv-lite/download/iconv-lite-0.4.24.tgz",
					"integrity": "sha1-ICK0sl+93CHS9SSXSkdKr+czkIs=",
					"requires": {
						"safer-buffer": ">= 2.1.2 < 3"
					}
				},
				"ignore": {
					"version": "4.0.6",
					"resolved": "https://registry.npm.alibaba-inc.com/ignore/download/ignore-4.0.6.tgz",
					"integrity": "sha1-dQ49tYYgh7RzfrrIIH/9HvJ7Jfw="
				},
				"import-fresh": {
					"version": "3.2.1",
					"resolved": "https://registry.npm.alibaba-inc.com/import-fresh/download/import-fresh-3.2.1.tgz",
					"integrity": "sha1-Yz/2GFBueTr1rJG/SLcmd+FcvmY=",
					"requires": {
						"parent-module": "^1.0.0",
						"resolve-from": "^4.0.0"
					}
				},
				"imurmurhash": {
					"version": "0.1.4",
					"resolved": "https://registry.npm.alibaba-inc.com/imurmurhash/download/imurmurhash-0.1.4.tgz",
					"integrity": "sha1-khi5srkoojixPcT7a21XbyMUU+o="
				},
				"inflight": {
					"version": "1.0.6",
					"resolved": "https://registry.npm.alibaba-inc.com/inflight/download/inflight-1.0.6.tgz",
					"integrity": "sha1-Sb1jMdfQLQwJvJEKEHW6gWW1bfk=",
					"requires": {
						"once": "^1.3.0",
						"wrappy": "1"
					}
				},
				"inherits": {
					"version": "2.0.4",
					"resolved": "https://registry.npm.alibaba-inc.com/inherits/download/inherits-2.0.4.tgz",
					"integrity": "sha1-D6LGT5MpF8NDOg3tVTY6rjdBa3w="
				},
				"inquirer": {
					"version": "7.1.0",
					"resolved": "https://registry.npm.alibaba-inc.com/inquirer/download/inquirer-7.1.0.tgz",
					"integrity": "sha1-EpigGFmIPhfHJkuChwrhA0+S3Sk=",
					"requires": {
						"ansi-escapes": "^4.2.1",
						"chalk": "^3.0.0",
						"cli-cursor": "^3.1.0",
						"cli-width": "^2.0.0",
						"external-editor": "^3.0.3",
						"figures": "^3.0.0",
						"lodash": "^4.17.15",
						"mute-stream": "0.0.8",
						"run-async": "^2.4.0",
						"rxjs": "^6.5.3",
						"string-width": "^4.1.0",
						"strip-ansi": "^6.0.0",
						"through": "^2.3.6"
					},
					"dependencies": {
						"ansi-styles": {
							"version": "4.2.1",
							"resolved": "https://registry.npm.alibaba-inc.com/ansi-styles/download/ansi-styles-4.2.1.tgz",
							"integrity": "sha1-kK51xCTQCNJiTFvynq0xd+v881k=",
							"requires": {
								"@types/color-name": "^1.1.1",
								"color-convert": "^2.0.1"
							}
						},
						"chalk": {
							"version": "3.0.0",
							"resolved": "https://registry.npm.alibaba-inc.com/chalk/download/chalk-3.0.0.tgz",
							"integrity": "sha1-P3PCv1JlkfV0zEksUeJFY0n4ROQ=",
							"requires": {
								"ansi-styles": "^4.1.0",
								"supports-color": "^7.1.0"
							}
						},
						"color-convert": {
							"version": "2.0.1",
							"resolved": "https://registry.npm.alibaba-inc.com/color-convert/download/color-convert-2.0.1.tgz",
							"integrity": "sha1-ctOmjVmMm9s68q0ehPIdiWq9TeM=",
							"requires": {
								"color-name": "~1.1.4"
							}
						},
						"color-name": {
							"version": "1.1.4",
							"resolved": "https://registry.npm.alibaba-inc.com/color-name/download/color-name-1.1.4.tgz",
							"integrity": "sha1-wqCah6y95pVD3m9j+jmVyCbFNqI="
						},
						"has-flag": {
							"version": "4.0.0",
							"resolved": "https://registry.npm.alibaba-inc.com/has-flag/download/has-flag-4.0.0.tgz",
							"integrity": "sha1-lEdx/ZyByBJlxNaUGGDaBrtZR5s="
						},
						"strip-ansi": {
							"version": "6.0.0",
							"resolved": "https://registry.npm.alibaba-inc.com/strip-ansi/download/strip-ansi-6.0.0.tgz",
							"integrity": "sha1-CxVx3XZpzNTz4G4U7x7tJiJa5TI=",
							"requires": {
								"ansi-regex": "^5.0.0"
							}
						},
						"supports-color": {
							"version": "7.1.0",
							"resolved": "https://registry.npm.alibaba-inc.com/supports-color/download/supports-color-7.1.0.tgz",
							"integrity": "sha1-aOMlkd9z4lrRxLSRCKLsUHliv9E=",
							"requires": {
								"has-flag": "^4.0.0"
							}
						}
					}
				},
				"is-extglob": {
					"version": "2.1.1",
					"resolved": "https://registry.npm.alibaba-inc.com/is-extglob/download/is-extglob-2.1.1.tgz",
					"integrity": "sha1-qIwCU1eR8C7TfHahueqXc8gz+MI="
				},
				"is-fullwidth-code-point": {
					"version": "3.0.0",
					"resolved": "https://registry.npm.alibaba-inc.com/is-fullwidth-code-point/download/is-fullwidth-code-point-3.0.0.tgz",
					"integrity": "sha1-8Rb4Bk/pCz94RKOJl8C3UFEmnx0="
				},
				"is-glob": {
					"version": "4.0.1",
					"resolved": "https://registry.npm.alibaba-inc.com/is-glob/download/is-glob-4.0.1.tgz",
					"integrity": "sha1-dWfb6fL14kZ7x3q4PEopSCQHpdw=",
					"requires": {
						"is-extglob": "^2.1.1"
					}
				},
				"is-promise": {
					"version": "2.1.0",
					"resolved": "https://registry.npm.alibaba-inc.com/is-promise/download/is-promise-2.1.0.tgz",
					"integrity": "sha1-eaKp7OfwlugPNtKy87wWwf9L8/o="
				},
				"isexe": {
					"version": "2.0.0",
					"resolved": "https://registry.npm.alibaba-inc.com/isexe/download/isexe-2.0.0.tgz",
					"integrity": "sha1-6PvzdNxVb/iUehDcsFctYz8s+hA="
				},
				"js-tokens": {
					"version": "4.0.0",
					"resolved": "https://registry.npm.alibaba-inc.com/js-tokens/download/js-tokens-4.0.0.tgz",
					"integrity": "sha1-GSA/tZmR35jjoocFDUZHzerzJJk="
				},
				"js-yaml": {
					"version": "3.13.1",
					"resolved": "https://registry.npm.alibaba-inc.com/js-yaml/download/js-yaml-3.13.1.tgz",
					"integrity": "sha1-r/FRswv9+o5J4F2iLnQV6d+jeEc=",
					"requires": {
						"argparse": "^1.0.7",
						"esprima": "^4.0.0"
					}
				},
				"json-schema-traverse": {
					"version": "0.4.1",
					"resolved": "https://registry.npm.alibaba-inc.com/json-schema-traverse/download/json-schema-traverse-0.4.1.tgz",
					"integrity": "sha1-afaofZUTq4u4/mO9sJecRI5oRmA="
				},
				"json-stable-stringify-without-jsonify": {
					"version": "1.0.1",
					"resolved": "https://registry.npm.alibaba-inc.com/json-stable-stringify-without-jsonify/download/json-stable-stringify-without-jsonify-1.0.1.tgz",
					"integrity": "sha1-nbe1lJatPzz+8wp1FC0tkwrXJlE="
				},
				"levn": {
					"version": "0.3.0",
					"resolved": "https://registry.npm.alibaba-inc.com/levn/download/levn-0.3.0.tgz",
					"integrity": "sha1-OwmSTt+fCDwEkP3UwLxEIeBHZO4=",
					"requires": {
						"prelude-ls": "~1.1.2",
						"type-check": "~0.3.2"
					}
				},
				"lodash": {
					"version": "4.17.15",
					"resolved": "https://registry.npm.alibaba-inc.com/lodash/download/lodash-4.17.15.tgz",
					"integrity": "sha1-tEf2ZwoEVbv+7dETku/zMOoJdUg="
				},
				"mimic-fn": {
					"version": "2.1.0",
					"resolved": "https://registry.npm.alibaba-inc.com/mimic-fn/download/mimic-fn-2.1.0.tgz",
					"integrity": "sha1-ftLCzMyvhNP/y3pptXcR/CCDQBs="
				},
				"minimatch": {
					"version": "3.0.4",
					"resolved": "https://registry.npm.alibaba-inc.com/minimatch/download/minimatch-3.0.4.tgz",
					"integrity": "sha1-UWbihkV/AzBgZL5Ul+jbsMPTIIM=",
					"requires": {
						"brace-expansion": "^1.1.7"
					}
				},
				"minimist": {
					"version": "0.0.8",
					"resolved": "https://registry.npm.alibaba-inc.com/minimist/download/minimist-0.0.8.tgz",
					"integrity": "sha1-hX/Kv8M5fSYluCKCYuhqp6ARsF0="
				},
				"mkdirp": {
					"version": "0.5.1",
					"resolved": "https://registry.npm.alibaba-inc.com/mkdirp/download/mkdirp-0.5.1.tgz",
					"integrity": "sha1-MAV0OOrGz3+MR2fzhkjWaX11yQM=",
					"requires": {
						"minimist": "0.0.8"
					}
				},
				"ms": {
					"version": "2.1.2",
					"resolved": "https://registry.npm.alibaba-inc.com/ms/download/ms-2.1.2.tgz",
					"integrity": "sha1-0J0fNXtEP0kzgqjrPM0YOHKuYAk="
				},
				"mute-stream": {
					"version": "0.0.8",
					"resolved": "https://registry.npm.alibaba-inc.com/mute-stream/download/mute-stream-0.0.8.tgz",
					"integrity": "sha1-FjDEKyJR/4HiooPelqVJfqkuXg0="
				},
				"natural-compare": {
					"version": "1.4.0",
					"resolved": "https://registry.npm.alibaba-inc.com/natural-compare/download/natural-compare-1.4.0.tgz",
					"integrity": "sha1-Sr6/7tdUHywnrPspvbvRXI1bpPc="
				},
				"nice-try": {
					"version": "1.0.5",
					"resolved": "https://registry.npm.alibaba-inc.com/nice-try/download/nice-try-1.0.5.tgz",
					"integrity": "sha1-ozeKdpbOfSI+iPybdkvX7xCJ42Y="
				},
				"once": {
					"version": "1.4.0",
					"resolved": "https://registry.npm.alibaba-inc.com/once/download/once-1.4.0.tgz",
					"integrity": "sha1-WDsap3WWHUsROsF9nFC6753Xa9E=",
					"requires": {
						"wrappy": "1"
					}
				},
				"onetime": {
					"version": "5.1.0",
					"resolved": "https://registry.npm.alibaba-inc.com/onetime/download/onetime-5.1.0.tgz",
					"integrity": "sha1-//DzyRYX/mK7UBiWNumayKbfe+U=",
					"requires": {
						"mimic-fn": "^2.1.0"
					}
				},
				"optionator": {
					"version": "0.8.3",
					"resolved": "https://registry.npm.alibaba-inc.com/optionator/download/optionator-0.8.3.tgz",
					"integrity": "sha1-hPodA2/p08fiHZmIS2ARZ+yPtJU=",
					"requires": {
						"deep-is": "~0.1.3",
						"fast-levenshtein": "~2.0.6",
						"levn": "~0.3.0",
						"prelude-ls": "~1.1.2",
						"type-check": "~0.3.2",
						"word-wrap": "~1.2.3"
					}
				},
				"os-tmpdir": {
					"version": "1.0.2",
					"resolved": "https://registry.npm.alibaba-inc.com/os-tmpdir/download/os-tmpdir-1.0.2.tgz",
					"integrity": "sha1-u+Z0BseaqFxc/sdm/lc0VV36EnQ="
				},
				"parent-module": {
					"version": "1.0.1",
					"resolved": "https://registry.npm.alibaba-inc.com/parent-module/download/parent-module-1.0.1.tgz",
					"integrity": "sha1-aR0nCeeMefrjoVZiJFLQB2LKqqI=",
					"requires": {
						"callsites": "^3.0.0"
					}
				},
				"path-is-absolute": {
					"version": "1.0.1",
					"resolved": "https://registry.npm.alibaba-inc.com/path-is-absolute/download/path-is-absolute-1.0.1.tgz",
					"integrity": "sha1-F0uSaHNVNP+8es5r9TpanhtcX18="
				},
				"path-key": {
					"version": "2.0.1",
					"resolved": "https://registry.npm.alibaba-inc.com/path-key/download/path-key-2.0.1.tgz",
					"integrity": "sha1-QRyttXTFoUDTpLGRDUDYDMn0C0A="
				},
				"prelude-ls": {
					"version": "1.1.2",
					"resolved": "https://registry.npm.alibaba-inc.com/prelude-ls/download/prelude-ls-1.1.2.tgz",
					"integrity": "sha1-IZMqVJ9eUv/ZqCf1cOBL5iqX2lQ="
				},
				"progress": {
					"version": "2.0.3",
					"resolved": "https://registry.npm.alibaba-inc.com/progress/download/progress-2.0.3.tgz",
					"integrity": "sha1-foz42PW48jnBvGi+tOt4Vn1XLvg="
				},
				"punycode": {
					"version": "2.1.1",
					"resolved": "https://registry.npm.alibaba-inc.com/punycode/download/punycode-2.1.1.tgz",
					"integrity": "sha1-tYsBCsQMIsVldhbI0sLALHv0eew="
				},
				"regexpp": {
					"version": "2.0.1",
					"resolved": "https://registry.npm.alibaba-inc.com/regexpp/download/regexpp-2.0.1.tgz",
					"integrity": "sha1-jRnTHPYySCtYkEn4KB+T28uk0H8="
				},
				"resolve-from": {
					"version": "4.0.0",
					"resolved": "https://registry.npm.alibaba-inc.com/resolve-from/download/resolve-from-4.0.0.tgz",
					"integrity": "sha1-SrzYUq0y3Xuqv+m0DgCjbbXzkuY="
				},
				"restore-cursor": {
					"version": "3.1.0",
					"resolved": "https://registry.npm.alibaba-inc.com/restore-cursor/download/restore-cursor-3.1.0.tgz",
					"integrity": "sha1-OfZ8VLOnpYzqUjbZXPADQjljH34=",
					"requires": {
						"onetime": "^5.1.0",
						"signal-exit": "^3.0.2"
					}
				},
				"rimraf": {
					"version": "2.6.3",
					"resolved": "https://registry.npm.alibaba-inc.com/rimraf/download/rimraf-2.6.3.tgz",
					"integrity": "sha1-stEE/g2Psnz54KHNqCYt04M8bKs=",
					"requires": {
						"glob": "^7.1.3"
					}
				},
				"run-async": {
					"version": "2.4.0",
					"resolved": "https://registry.npm.alibaba-inc.com/run-async/download/run-async-2.4.0.tgz",
					"integrity": "sha1-5ZBUpbhods+uB/Qx0Yy63cWU8eg=",
					"requires": {
						"is-promise": "^2.1.0"
					}
				},
				"rxjs": {
					"version": "6.5.4",
					"resolved": "https://registry.npm.alibaba-inc.com/rxjs/download/rxjs-6.5.4.tgz",
					"integrity": "sha1-4Hd/4NGEzseHLfFH8wNXLUFOIRw=",
					"requires": {
						"tslib": "^1.9.0"
					}
				},
				"safer-buffer": {
					"version": "2.1.2",
					"resolved": "https://registry.npm.alibaba-inc.com/safer-buffer/download/safer-buffer-2.1.2.tgz",
					"integrity": "sha1-RPoWGwGHuVSd2Eu5GAL5vYOFzWo="
				},
				"semver": {
					"version": "6.3.0",
					"resolved": "https://registry.npm.alibaba-inc.com/semver/download/semver-6.3.0.tgz",
					"integrity": "sha1-7gpkyK9ejO6mdoexM3YeG+y9HT0="
				},
				"shebang-command": {
					"version": "1.2.0",
					"resolved": "https://registry.npm.alibaba-inc.com/shebang-command/download/shebang-command-1.2.0.tgz",
					"integrity": "sha1-RKrGW2lbAzmJaMOfNj/uXer98eo=",
					"requires": {
						"shebang-regex": "^1.0.0"
					}
				},
				"shebang-regex": {
					"version": "1.0.0",
					"resolved": "https://registry.npm.alibaba-inc.com/shebang-regex/download/shebang-regex-1.0.0.tgz",
					"integrity": "sha1-2kL0l0DAtC2yypcoVxyxkMmO/qM="
				},
				"signal-exit": {
					"version": "3.0.2",
					"resolved": "https://registry.npm.alibaba-inc.com/signal-exit/download/signal-exit-3.0.2.tgz",
					"integrity": "sha1-tf3AjxKH6hF4Yo5BXiUTK3NkbG0="
				},
				"slice-ansi": {
					"version": "2.1.0",
					"resolved": "https://registry.npm.alibaba-inc.com/slice-ansi/download/slice-ansi-2.1.0.tgz",
					"integrity": "sha1-ys12k0YaY3pXiNkqfdT7oGjoFjY=",
					"requires": {
						"ansi-styles": "^3.2.0",
						"astral-regex": "^1.0.0",
						"is-fullwidth-code-point": "^2.0.0"
					},
					"dependencies": {
						"is-fullwidth-code-point": {
							"version": "2.0.0",
							"resolved": "https://registry.npm.alibaba-inc.com/is-fullwidth-code-point/download/is-fullwidth-code-point-2.0.0.tgz",
							"integrity": "sha1-o7MKXE8ZkYMWeqq5O+764937ZU8="
						}
					}
				},
				"sprintf-js": {
					"version": "1.0.3",
					"resolved": "https://registry.npm.alibaba-inc.com/sprintf-js/download/sprintf-js-1.0.3.tgz",
					"integrity": "sha1-BOaSb2YolTVPPdAVIDYzuFcpfiw="
				},
				"string-width": {
					"version": "4.2.0",
					"resolved": "https://registry.npm.alibaba-inc.com/string-width/download/string-width-4.2.0.tgz",
					"integrity": "sha1-lSGCxGzHssMT0VluYjmSvRY7crU=",
					"requires": {
						"emoji-regex": "^8.0.0",
						"is-fullwidth-code-point": "^3.0.0",
						"strip-ansi": "^6.0.0"
					},
					"dependencies": {
						"strip-ansi": {
							"version": "6.0.0",
							"resolved": "https://registry.npm.alibaba-inc.com/strip-ansi/download/strip-ansi-6.0.0.tgz",
							"integrity": "sha1-CxVx3XZpzNTz4G4U7x7tJiJa5TI=",
							"requires": {
								"ansi-regex": "^5.0.0"
							}
						}
					}
				},
				"strip-ansi": {
					"version": "5.2.0",
					"resolved": "https://registry.npm.alibaba-inc.com/strip-ansi/download/strip-ansi-5.2.0.tgz",
					"integrity": "sha1-jJpTb+tq/JYr36WxBKUJHBrZwK4=",
					"requires": {
						"ansi-regex": "^4.1.0"
					},
					"dependencies": {
						"ansi-regex": {
							"version": "4.1.0",
							"resolved": "https://registry.npm.alibaba-inc.com/ansi-regex/download/ansi-regex-4.1.0.tgz",
							"integrity": "sha1-i5+PCM8ay4Q3Vqg5yox+MWjFGZc="
						}
					}
				},
				"strip-json-comments": {
					"version": "3.0.1",
					"resolved": "https://registry.npm.alibaba-inc.com/strip-json-comments/download/strip-json-comments-3.0.1.tgz",
					"integrity": "sha1-hXE5dakfuHvxswXMp3OV5A0qZKc="
				},
				"supports-color": {
					"version": "5.5.0",
					"resolved": "https://registry.npm.alibaba-inc.com/supports-color/download/supports-color-5.5.0.tgz",
					"integrity": "sha1-4uaaRKyHcveKHsCzW2id9lMO/I8=",
					"requires": {
						"has-flag": "^3.0.0"
					}
				},
				"table": {
					"version": "5.4.6",
					"resolved": "https://registry.npm.alibaba-inc.com/table/download/table-5.4.6.tgz",
					"integrity": "sha1-EpLRlQDOP4YFOwXw6Ofko7shB54=",
					"requires": {
						"ajv": "^6.10.2",
						"lodash": "^4.17.14",
						"slice-ansi": "^2.1.0",
						"string-width": "^3.0.0"
					},
					"dependencies": {
						"emoji-regex": {
							"version": "7.0.3",
							"resolved": "https://registry.npm.alibaba-inc.com/emoji-regex/download/emoji-regex-7.0.3.tgz",
							"integrity": "sha1-kzoEBShgyF6DwSJHnEdIqOTHIVY="
						},
						"is-fullwidth-code-point": {
							"version": "2.0.0",
							"resolved": "https://registry.npm.alibaba-inc.com/is-fullwidth-code-point/download/is-fullwidth-code-point-2.0.0.tgz",
							"integrity": "sha1-o7MKXE8ZkYMWeqq5O+764937ZU8="
						},
						"string-width": {
							"version": "3.1.0",
							"resolved": "https://registry.npm.alibaba-inc.com/string-width/download/string-width-3.1.0.tgz",
							"integrity": "sha1-InZ74htirxCBV0MG9prFG2IgOWE=",
							"requires": {
								"emoji-regex": "^7.0.1",
								"is-fullwidth-code-point": "^2.0.0",
								"strip-ansi": "^5.1.0"
							}
						}
					}
				},
				"text-table": {
					"version": "0.2.0",
					"resolved": "https://registry.npm.alibaba-inc.com/text-table/download/text-table-0.2.0.tgz",
					"integrity": "sha1-f17oI66AUgfACvLfSoTsP8+lcLQ="
				},
				"through": {
					"version": "2.3.8",
					"resolved": "https://registry.npm.alibaba-inc.com/through/download/through-2.3.8.tgz",
					"integrity": "sha1-DdTJ/6q8NXlgsbckEV1+Doai4fU="
				},
				"tmp": {
					"version": "0.0.33",
					"resolved": "https://registry.npm.alibaba-inc.com/tmp/download/tmp-0.0.33.tgz",
					"integrity": "sha1-bTQzWIl2jSGyvNoKonfO07G/rfk=",
					"requires": {
						"os-tmpdir": "~1.0.2"
					}
				},
				"tslib": {
					"version": "1.11.1",
					"resolved": "https://registry.npm.alibaba-inc.com/tslib/download/tslib-1.11.1.tgz",
					"integrity": "sha1-6xXRKIJ/vuKEFUnhcfRe0zisfjU="
				},
				"type-check": {
					"version": "0.3.2",
					"resolved": "https://registry.npm.alibaba-inc.com/type-check/download/type-check-0.3.2.tgz",
					"integrity": "sha1-WITKtRLPHTVeP7eE8wgEsrUg23I=",
					"requires": {
						"prelude-ls": "~1.1.2"
					}
				},
				"type-fest": {
					"version": "0.8.1",
					"resolved": "https://registry.npm.alibaba-inc.com/type-fest/download/type-fest-0.8.1.tgz",
					"integrity": "sha1-CeJJ696FHTseSNJ8EFREZn8XuD0="
				},
				"uri-js": {
					"version": "4.2.2",
					"resolved": "https://registry.npm.alibaba-inc.com/uri-js/download/uri-js-4.2.2.tgz",
					"integrity": "sha1-lMVA4f93KVbiKZUHwBCupsiDjrA=",
					"requires": {
						"punycode": "^2.1.0"
					}
				},
				"v8-compile-cache": {
					"version": "2.1.0",
					"resolved": "https://registry.npm.alibaba-inc.com/v8-compile-cache/download/v8-compile-cache-2.1.0.tgz",
					"integrity": "sha1-4U3jezGm0ZT1aQ1n78Tn9vxqsw4="
				},
				"which": {
					"version": "1.3.1",
					"resolved": "https://registry.npm.alibaba-inc.com/which/download/which-1.3.1.tgz",
					"integrity": "sha1-pFBD1U9YBTFtqNYvn1CRjT2nCwo=",
					"requires": {
						"isexe": "^2.0.0"
					}
				},
				"word-wrap": {
					"version": "1.2.3",
					"resolved": "https://registry.npm.alibaba-inc.com/word-wrap/download/word-wrap-1.2.3.tgz",
					"integrity": "sha1-YQY29rH3A4kb00dxzLF/uTtHB5w="
				},
				"wrappy": {
					"version": "1.0.2",
					"resolved": "https://registry.npm.alibaba-inc.com/wrappy/download/wrappy-1.0.2.tgz",
					"integrity": "sha1-tSQ9jz7BqjXxNkYFvA0QNuMKtp8="
				},
				"write": {
					"version": "1.0.3",
					"resolved": "https://registry.npm.alibaba-inc.com/write/download/write-1.0.3.tgz",
					"integrity": "sha1-CADhRSO5I6OH5BUSPIZWFqrg9cM=",
					"requires": {
						"mkdirp": "^0.5.1"
					}
				}
			}
		},
		"prettier": {
			"version": "1.19.1",
			"resolved": "https://registry.npm.alibaba-inc.com/prettier/download/prettier-1.19.1.tgz",
			"integrity": "sha1-99f1/4qc2HKnvkyhQglZVqYHl8s="
		},
		"ts-node": {
			"version": "8.6.2",
			"resolved": "https://registry.npm.alibaba-inc.com/ts-node/download/ts-node-8.6.2.tgz",
			"integrity": "sha1-dBmgE5GoGPuvpvgmozwaE+lGTjU=",
			"requires": {
				"arg": "^4.1.0",
				"diff": "^4.0.1",
				"make-error": "^1.1.1",
				"source-map-support": "^0.5.6",
				"yn": "3.1.1"
			},
			"dependencies": {
				"arg": {
					"version": "4.1.3",
					"resolved": "https://registry.npm.alibaba-inc.com/arg/download/arg-4.1.3.tgz",
					"integrity": "sha1-Jp/HrVuOQstjyJbVZmAXJhwUQIk="
				},
				"buffer-from": {
					"version": "1.1.1",
					"resolved": "https://registry.npm.alibaba-inc.com/buffer-from/download/buffer-from-1.1.1.tgz",
					"integrity": "sha1-MnE7wCj3XAL9txDXx7zsHyxgcO8="
				},
				"diff": {
					"version": "4.0.2",
					"resolved": "https://registry.npm.alibaba-inc.com/diff/download/diff-4.0.2.tgz",
					"integrity": "sha1-YPOuy4nV+uUgwRqhnvwruYKq3n0="
				},
				"make-error": {
					"version": "1.3.6",
					"resolved": "https://registry.npm.alibaba-inc.com/make-error/download/make-error-1.3.6.tgz",
					"integrity": "sha1-LrLjfqm2fEiR9oShOUeZr0hM96I="
				},
				"source-map": {
					"version": "0.6.1",
					"resolved": "https://registry.npm.alibaba-inc.com/source-map/download/source-map-0.6.1.tgz",
					"integrity": "sha1-dHIq8y6WFOnCh6jQu95IteLxomM="
				},
				"source-map-support": {
					"version": "0.5.16",
					"resolved": "https://registry.npm.alibaba-inc.com/source-map-support/download/source-map-support-0.5.16.tgz",
					"integrity": "sha1-CuBp5/47p1OMZMmFFeNTOerFoEI=",
					"requires": {
						"buffer-from": "^1.0.0",
						"source-map": "^0.6.0"
					}
				},
				"yn": {
					"version": "3.1.1",
					"resolved": "https://registry.npm.alibaba-inc.com/yn/download/yn-3.1.1.tgz",
					"integrity": "sha1-HodAGgnXZ8HV6rJqbkwYUYLS61A="
				}
			}
		},
		"typescript": {
			"version": "3.8.3",
			"resolved": "https://registry.npm.alibaba-inc.com/typescript/download/typescript-3.8.3.tgz",
			"integrity": "sha1-QJ64VE6gM1cRIFhp7EWKsQnuEGE="
		}
	}
}
